
Microsoft Visual Studio Solution File, Format Version 12.00
# Visual Studio Version 17
VisualStudioVersion = 17.8.34309.116
MinimumVisualStudioVersion = 10.0.40219.1
Project("{FAE04EC0-301F-11D3-BF4B-00C04F79EFBC}") = "TicTacToe", "TicTacToe.csproj", "{B1A3C27C-BA20-4C9F-A1D6-B3EDF7F4D825}"
EndProject
Global
	GlobalSection(SolutionConfigurationPlatforms) = preSolution
		Debug|Any CPU = Debug|Any CPU
		Release|Any CPU = Release|Any CPU
	EndGlobalSection
	GlobalSection(ProjectConfigurationPlatforms) = postSolution
		{B1A3C27C-BA20-4C9F-A1D6-B3EDF7F4D825}.Debug|Any CPU.ActiveCfg = Debug|Any CPU
		{B1A3C27C-BA20-4C9F-A1D6-B3EDF7F4D825}.Debug|Any CPU.Build.0 = Debug|Any CPU
		{B1A3C27C-BA20-4C9F-A1D6-B3EDF7F4D825}.Release|Any CPU.ActiveCfg = Release|Any CPU
		{B1A3C27C-BA20-4C9F-A1D6-B3EDF7F4D825}.Release|Any CPU.Build.0 = Release|Any CPU
	EndGlobalSection
	GlobalSection(SolutionProperties) = preSolution
		HideSolutionNode = FALSE
	EndGlobalSection
	GlobalSection(ExtensibilityGlobals) = postSolution
		SolutionGuid = {A5A43846-5A00-41C8-B1D3-D2052D35E2C6}
	EndGlobalSection
EndGlobal
